
Microsoft Visual Studio Solution File, Format Version 12.00
# Visual Studio Version 17
VisualStudioVersion = 17.3.32825.248
MinimumVisualStudioVersion = 10.0.40219.1
Project("{FAE04EC0-301F-11D3-BF4B-00C04F79EFBC}") = "BlogSite", "BlogSite\BlogSite.csproj", "{5B6F51EB-108A-44E5-8C43-7F81D8638E05}"
EndProject
Project("{FAE04EC0-301F-11D3-BF4B-00C04F79EFBC}") = "EntityLayer", "EntityLayer\EntityLayer.csproj", "{CEB9EFC6-DA5F-4F85-9461-B3B43164BDED}"
EndProject
Project("{FAE04EC0-301F-11D3-BF4B-00C04F79EFBC}") = "DataAccessLayer", "DataAccessLayer\DataAccessLayer.csproj", "{3A96BA45-88D2-4511-B653-4BD49119A50C}"
EndProject
Project("{FAE04EC0-301F-11D3-BF4B-00C04F79EFBC}") = "BisunessLayer", "BisunessLayer\BisunessLayer.csproj", "{15DADEFE-0A17-498C-987E-20D7381A8539}"
EndProject
Global
	GlobalSection(SolutionConfigurationPlatforms) = preSolution
		Debug|Any CPU = Debug|Any CPU
		Release|Any CPU = Release|Any CPU
	EndGlobalSection
	GlobalSection(ProjectConfigurationPlatforms) = postSolution
		{5B6F51EB-108A-44E5-8C43-7F81D8638E05}.Debug|Any CPU.ActiveCfg = Debug|Any CPU
		{5B6F51EB-108A-44E5-8C43-7F81D8638E05}.Debug|Any CPU.Build.0 = Debug|Any CPU
		{5B6F51EB-108A-44E5-8C43-7F81D8638E05}.Release|Any CPU.ActiveCfg = Release|Any CPU
		{5B6F51EB-108A-44E5-8C43-7F81D8638E05}.Release|Any CPU.Build.0 = Release|Any CPU
		{CEB9EFC6-DA5F-4F85-9461-B3B43164BDED}.Debug|Any CPU.ActiveCfg = Debug|Any CPU
		{CEB9EFC6-DA5F-4F85-9461-B3B43164BDED}.Debug|Any CPU.Build.0 = Debug|Any CPU
		{CEB9EFC6-DA5F-4F85-9461-B3B43164BDED}.Release|Any CPU.ActiveCfg = Release|Any CPU
		{CEB9EFC6-DA5F-4F85-9461-B3B43164BDED}.Release|Any CPU.Build.0 = Release|Any CPU
		{3A96BA45-88D2-4511-B653-4BD49119A50C}.Debug|Any CPU.ActiveCfg = Debug|Any CPU
		{3A96BA45-88D2-4511-B653-4BD49119A50C}.Debug|Any CPU.Build.0 = Debug|Any CPU
		{3A96BA45-88D2-4511-B653-4BD49119A50C}.Release|Any CPU.ActiveCfg = Release|Any CPU
		{3A96BA45-88D2-4511-B653-4BD49119A50C}.Release|Any CPU.Build.0 = Release|Any CPU
		{15DADEFE-0A17-498C-987E-20D7381A8539}.Debug|Any CPU.ActiveCfg = Debug|Any CPU
		{15DADEFE-0A17-498C-987E-20D7381A8539}.Debug|Any CPU.Build.0 = Debug|Any CPU
		{15DADEFE-0A17-498C-987E-20D7381A8539}.Release|Any CPU.ActiveCfg = Release|Any CPU
		{15DADEFE-0A17-498C-987E-20D7381A8539}.Release|Any CPU.Build.0 = Release|Any CPU
	EndGlobalSection
	GlobalSection(SolutionProperties) = preSolution
		HideSolutionNode = FALSE
	EndGlobalSection
	GlobalSection(ExtensibilityGlobals) = postSolution
		SolutionGuid = {3119B763-5D71-4DAC-AE38-2DF4D5E75888}
	EndGlobalSection
EndGlobal
